{
  "version": "2",
  "remote": {
    "https://cdn.deno.land/mimetypes/versions/v1.0.0/raw/mod.ts": "abd1ea614b32cfa7fd50b46f6e070617696664698b8a34935dc807f3035ad408",
    "https://cdn.deno.land/mimetypes/versions/v1.0.0/raw/src/mime.ts": "7cd7590eae6127dc1abfe710900fc749e94d5c715ffe8a148e59fe20ee21a9a5",
    "https://cdn.deno.land/url_parse/versions/1.0.0/raw/mod.ts": "f27f0d045343a4aff05c7560e285aa3f42e23096bfe0211dc549345f9a5feb94",
    "https://cdn.skypack.dev/-/eventemitter3@v4.0.7-YgnpPDOkEllCM6MESmeH/dist=es2019,mode=imports/optimized/eventemitter3.js": "09193facd8de08453f04227ddd5f45c92b64def2a2065ff39792df4a4e02c0c9",
    "https://cdn.skypack.dev/-/eventemitter3@v4.0.7-YgnpPDOkEllCM6MESmeH/dist=es2019,mode=types/index.d.ts": "b80c780c52524beb13488942543972c8b0e54400e8b59cee0169f38d0fabb968",
    "https://cdn.skypack.dev/-/p-queue@v7.3.0-3pQk70whBmcJfuDdFt3a/dist=es2019,mode=imports/optimized/p-queue.js": "278e463c2ee1d2d0f4f974d2176fbf0c2c11224307a1c326503c31b89cf9ed04",
    "https://cdn.skypack.dev/-/p-queue@v7.3.0-3pQk70whBmcJfuDdFt3a/dist=es2019,mode=types/dist/index.d.ts": "21b049f30fbda3bc48806fb77bf52e91e045ba55177132f53882cf74e0bd9b8d",
    "https://cdn.skypack.dev/-/p-queue@v7.3.0-3pQk70whBmcJfuDdFt3a/dist=es2019,mode=types/dist/options.d.ts": "46cbaca864fe43b55dd7463ab20098978e2d06bbabe458f9b35b2de8df65151d",
    "https://cdn.skypack.dev/-/p-queue@v7.3.0-3pQk70whBmcJfuDdFt3a/dist=es2019,mode=types/dist/priority-queue.d.ts": "01f70fa273d9a630e63fcffe28994d7a304896f6e5811d171b2d2b3d5c1eab3c",
    "https://cdn.skypack.dev/-/p-queue@v7.3.0-3pQk70whBmcJfuDdFt3a/dist=es2019,mode=types/dist/queue.d.ts": "a0a118c9a66853bb5ec086c878963b5d178ecb3eec72d75dc553d86adef67801",
    "https://cdn.skypack.dev/-/p-timeout@v5.1.0-VDCrMgwn0tmjRI1jvbRm/dist=es2019,mode=imports/optimized/p-timeout.js": "b988316118729667f7567b9c60e2caaa8edd357ca7594b939736084495aa8839",
    "https://cdn.skypack.dev/p-queue?dts": "e04dde1e009f523148013b45d5b3ede914bf8e9b8e0262570f3461f16e2e90ac",
    "https://deno.land/std@0.165.0/_util/asserts.ts": "d0844e9b62510f89ce1f9878b046f6a57bf88f208a10304aab50efcb48365272",
    "https://deno.land/std@0.165.0/_util/os.ts": "8a33345f74990e627b9dfe2de9b040004b08ea5146c7c9e8fe9a29070d193934",
    "https://deno.land/std@0.165.0/async/abortable.ts": "87aa7230be8360c24ad437212311c9e8d4328854baec27b4c7abb26e85515c06",
    "https://deno.land/std@0.165.0/async/deadline.ts": "48ac998d7564969f3e6ec6b6f9bf0217ebd00239b1b2292feba61272d5dd58d0",
    "https://deno.land/std@0.165.0/async/debounce.ts": "dc8b92d4a4fe7eac32c924f2b8d3e62112530db70cadce27042689d82970b350",
    "https://deno.land/std@0.165.0/async/deferred.ts": "d8fb253ffde2a056e4889ef7e90f3928f28be9f9294b6505773d33f136aab4e6",
    "https://deno.land/std@0.165.0/async/delay.ts": "0419dfc993752849692d1f9647edf13407c7facc3509b099381be99ffbc9d699",
    "https://deno.land/std@0.165.0/async/mod.ts": "dd0a8ed4f3984ffabe2fcca7c9f466b7932d57b1864ffee148a5d5388316db6b",
    "https://deno.land/std@0.165.0/async/mux_async_iterator.ts": "3447b28a2a582224a3d4d3596bccbba6e85040da3b97ed64012f7decce98d093",
    "https://deno.land/std@0.165.0/async/pool.ts": "ef9eb97b388543acbf0ac32647121e4dbe629236899586c4d4311a8770fbb239",
    "https://deno.land/std@0.165.0/async/tee.ts": "9af3a3e7612af75861308b52249e167f5ebc3dcfc8a1a4d45462d96606ee2b70",
    "https://deno.land/std@0.165.0/bytes/bytes_list.ts": "aba5e2369e77d426b10af1de0dcc4531acecec27f9b9056f4f7bfbf8ac147ab4",
    "https://deno.land/std@0.165.0/bytes/equals.ts": "3c3558c3ae85526f84510aa2b48ab2ad7bdd899e2e0f5b7a8ffc85acb3a6043a",
    "https://deno.land/std@0.165.0/bytes/mod.ts": "b2e342fd3669176a27a4e15061e9d588b89c1aaf5008ab71766e23669565d179",
    "https://deno.land/std@0.165.0/crypto/timing_safe_equal.ts": "3784958e40a5fe10429a68b75cc5f8d34356bf0bc2eb93c80c3033e2a6f17821",
    "https://deno.land/std@0.165.0/encoding/base64.ts": "c57868ca7fa2fbe919f57f88a623ad34e3d970d675bdc1ff3a9d02bba7409db2",
    "https://deno.land/std@0.165.0/encoding/base64url.ts": "a5f82a9fa703bd85a5eb8e7c1296bc6529e601ebd9642cc2b5eaa6b38fa9e05a",
    "https://deno.land/std@0.165.0/flags/mod.ts": "3b459daf581e047819b6b799c92b96c81b4eecbd5ea025643d54dc0abc6ac923",
    "https://deno.land/std@0.165.0/fmt/printf.ts": "111a4df40a81799da778421ae0260f278e5d79877e30e92403cd57d197a8d1b0",
    "https://deno.land/std@0.165.0/fs/exists.ts": "6a447912e49eb79cc640adacfbf4b0baf8e17ede6d5bed057062ce33c4fa0d68",
    "https://deno.land/std@0.165.0/io/buffer.ts": "245f1762a949082ddc0a6e9b15589d0be2d29c150266decd04320b8a8318f9f6",
    "https://deno.land/std@0.165.0/io/types.d.ts": "107e1e64834c5ba917c783f446b407d33432c5d612c4b3430df64fc2b4ecf091",
    "https://deno.land/std@0.165.0/node/_core.ts": "cd45c0cfa412ff57762b600710574a46f923dfa372003d9dfe52304000393b9b",
    "https://deno.land/std@0.165.0/node/_events.d.ts": "3899ee9c37055fbb750e32cb43d7c435077c04446af948300080e1a590c6edf0",
    "https://deno.land/std@0.165.0/node/_events.mjs": "303e8aa60ace559e4ca0d19e8475f87311bee9e8330b4b497644d70f2002fc27",
    "https://deno.land/std@0.165.0/node/_fs/_fs_access.ts": "5d81f8b3d3b0832f8444389158fa84d2126f423694d54772a8d1f19558973937",
    "https://deno.land/std@0.165.0/node/_fs/_fs_appendFile.ts": "f9d83bce0d3eae04246916da5b048313c24d88dfaf063f779c3434f0399d9042",
    "https://deno.land/std@0.165.0/node/_fs/_fs_chmod.ts": "c1a65080458afbeba8ad0824664f824b167c39ee02ef6b0d04bcbc123a3f897e",
    "https://deno.land/std@0.165.0/node/_fs/_fs_chown.ts": "e072f87628cfea956e945787f0e8af47be325b2e3183ae095279472b1fb9d085",
    "https://deno.land/std@0.165.0/node/_fs/_fs_close.ts": "b23915f763addce9d96116c1e3179d9d33c596903f57e20afa46c4333072a460",
    "https://deno.land/std@0.165.0/node/_fs/_fs_common.ts": "a4f820c9750fea15e90e32fab268658cc88113ce1b884a6cda43c85fbff5a3c7",
    "https://deno.land/std@0.165.0/node/_fs/_fs_constants.ts": "66a07e0c0279ec118851cf30570d25bce3ac13dedb269d53d04e342bbad28cca",
    "https://deno.land/std@0.165.0/node/_fs/_fs_copy.ts": "692b9235a9c267e4c2604b4a228da5ef1c0ad0977ed086187fc86bc978c82913",
    "https://deno.land/std@0.165.0/node/_fs/_fs_dir.ts": "beeafa572154696433d8b90424bba13a6139647877732f23d4ab4fc9608984ef",
    "https://deno.land/std@0.165.0/node/_fs/_fs_dirent.ts": "649c0a794e7b8d930cdd7e6a168b404aa0448bf784e0cfbe1bd6d25b99052273",
    "https://deno.land/std@0.165.0/node/_fs/_fs_exists.ts": "87b063b7b1a59b5d2302ba2de2204fbccc1bfbe7fafede8678694cae45b77682",
    "https://deno.land/std@0.165.0/node/_fs/_fs_fdatasync.ts": "bbd078fea6c62c64d898101d697aefbfbb722797a75e328a82c2a4f2e7eb963d",
    "https://deno.land/std@0.165.0/node/_fs/_fs_fstat.ts": "559ff6ff094337db37b0f3108aeaecf42672795af45b206adbd90105afebf9c6",
    "https://deno.land/std@0.165.0/node/_fs/_fs_fsync.ts": "590be69ce5363dd4f8867f244cfabe8df89d40f86bbbe44fd00d69411d0b798e",
    "https://deno.land/std@0.165.0/node/_fs/_fs_ftruncate.ts": "8eb2a9fcf026bd9b85dc07a22bc452c48db4be05ab83f5f2b6a0549e15c1f75f",
    "https://deno.land/std@0.165.0/node/_fs/_fs_futimes.ts": "89c71d38dd6b8e0a97470f3545d739ba04f6e3ca981a664404a825fd772ac2a2",
    "https://deno.land/std@0.165.0/node/_fs/_fs_link.ts": "f7c60f989a60becd6cdc1c553122be34f7c2ed83a900448757982683cebc0ffd",
    "https://deno.land/std@0.165.0/node/_fs/_fs_lstat.ts": "c26a406ccdbc95dd7dab75aca0019b45b41edc07bebd40d9de183780d647a064",
    "https://deno.land/std@0.165.0/node/_fs/_fs_mkdir.ts": "007e5cef536f1f64b10598951d8413aaebdc5ce6a26cb170b8cba1737a8c086d",
    "https://deno.land/std@0.165.0/node/_fs/_fs_mkdtemp.ts": "a037c457d6542eb16df903f7126a4ddb174e37c7d7a58c6fbff86a2147b78509",
    "https://deno.land/std@0.165.0/node/_fs/_fs_open.ts": "41bfe4259f679cf4b407b551896ff0debc16e9b8003be00dc93321a75031749f",
    "https://deno.land/std@0.165.0/node/_fs/_fs_opendir.ts": "4a678152c184b9bbdafc3fbf53f4b2a942f74b954bcbcf6104990957170b2d8b",
    "https://deno.land/std@0.165.0/node/_fs/_fs_read.ts": "6c9a63689bf373aa2b6572e077c446572074dd25868994b0804ac2c644ddf438",
    "https://deno.land/std@0.165.0/node/_fs/_fs_readFile.ts": "7c42f8cb4bad2e37a53314de7831c0735bae010712fd914471850caa4d322ffd",
    "https://deno.land/std@0.165.0/node/_fs/_fs_readdir.ts": "8d186b470aea8411c794687b20effaf1f478abb59956c67b671691d9444b7786",
    "https://deno.land/std@0.165.0/node/_fs/_fs_readlink.ts": "a5582656af6f09361ecb408ed3c0ad3cc3afd683403539e4c22aa06deab90fc0",
    "https://deno.land/std@0.165.0/node/_fs/_fs_realpath.ts": "0bf961c7b13d83e39b21255237b7ef352beb778a8274d03f2419907a8cd5c09c",
    "https://deno.land/std@0.165.0/node/_fs/_fs_rename.ts": "9aa3cf6643499a38ccbfb14435239c7fc0da6b4cb5b5ab1c9e676d42daf27b71",
    "https://deno.land/std@0.165.0/node/_fs/_fs_rm.ts": "82e926fe3e11e2a7f56116d3b7005372c339010cc1a7566a37a5591d19d680c6",
    "https://deno.land/std@0.165.0/node/_fs/_fs_rmdir.ts": "109fb603373cf5318f8d2e19b3704b8493b4de954873df28a0d066afd0b0f5e0",
    "https://deno.land/std@0.165.0/node/_fs/_fs_stat.ts": "4ccc93cd1938e5dcc5298feb9c6f0bc9f444fa8565c726854ea40210b93d254c",
    "https://deno.land/std@0.165.0/node/_fs/_fs_symlink.ts": "a9fe02e745a8ab28e152f37e316cb204382f86ebafc3bcf32a9374cf9d369181",
    "https://deno.land/std@0.165.0/node/_fs/_fs_truncate.ts": "1fe9cba3a54132426927639c024a7a354455e5a13b3b3143ad1c25ed0b5fc288",
    "https://deno.land/std@0.165.0/node/_fs/_fs_unlink.ts": "d845c8067a2ba55c443e04d2706e6a4e53735488b30fc317418c9f75127913b0",
    "https://deno.land/std@0.165.0/node/_fs/_fs_utimes.ts": "194eeb8dab1ebdf274f784a38241553cc440305461b30c987ecef1a24dfc01ca",
    "https://deno.land/std@0.165.0/node/_fs/_fs_watch.ts": "aef811e78e04cff3da30dcd334af8d85018f915d1ec7b95f05b2e4c48a7b7a4f",
    "https://deno.land/std@0.165.0/node/_fs/_fs_write.d.ts": "deb5c1a98b6cb1aa79f773f3b8fc9410463f0e30fede1ff9df2652fc11b69d35",
    "https://deno.land/std@0.165.0/node/_fs/_fs_write.mjs": "265f1291a2e908fd2da9fc3cb541be09a592119a29767708354a3bec18645b04",
    "https://deno.land/std@0.165.0/node/_fs/_fs_writeFile.ts": "7bd32ee95836bb04f71c63f3f055de147953f431d3afa5596915c22cf33e41ed",
    "https://deno.land/std@0.165.0/node/_fs/_fs_writev.d.ts": "2cc02fc9ed20292e09a22bf215635804f397d9b8ed2df62067a42f3be1b31b76",
    "https://deno.land/std@0.165.0/node/_fs/_fs_writev.mjs": "e500af8857779d404302658225c249b89f20fa4c40058c645b555dd70ca6b54f",
    "https://deno.land/std@0.165.0/node/_global.d.ts": "6dadaf8cec2a0c506b22170617286e0bdc80be53dd0673e67fc7dd37a1130c68",
    "https://deno.land/std@0.165.0/node/_next_tick.ts": "81c1826675493b76f90c646fb1274a4c84b5cc913a80ca4526c32cd7c46a0b06",
    "https://deno.land/std@0.165.0/node/_process/exiting.ts": "bc9694769139ffc596f962087155a8bfef10101d03423b9dcbc51ce6e1f88fce",
    "https://deno.land/std@0.165.0/node/_process/process.ts": "d5bf113a4b62f4abe4cb7ec5a9d00d44dac0ad9e82a23d00cc27d71e05ae8b66",
    "https://deno.land/std@0.165.0/node/_process/stdio.mjs": "971c3b086040d8521562155db13f22f9971d5c42c852b2081d4d2f0d8b6ab6bd",
    "https://deno.land/std@0.165.0/node/_process/streams.mjs": "3ce63d9eb24a8a8ec45eeebf5c184b43d888064f663f87e8f453888368e00f90",
    "https://deno.land/std@0.165.0/node/_stream.d.ts": "83e9da2f81de3205926f1e86ba54442aa5a3caf4c5e84a4c8699402ad340142b",
    "https://deno.land/std@0.165.0/node/_stream.mjs": "9a80217d9734f6e4284aae0ea55dd82b243f5517bc1814e983ad41b01732f712",
    "https://deno.land/std@0.165.0/node/_util/_util_callbackify.ts": "a71353d5fde3dc785cfdf6b6bcad1379a9c78b374720af4aaa7f88ffab2bac0e",
    "https://deno.land/std@0.165.0/node/_utils.ts": "1085a229e910b3a6672f3c3be05507591811dc67be2ae2188e9fc9ef4376b172",
    "https://deno.land/std@0.165.0/node/buffer.ts": "43f07b2d1523345bf35b7deb7fcdad6e916020a631a7bc1b5efcaff556db4e1d",
    "https://deno.land/std@0.165.0/node/events.ts": "f848398d3591534ca94ac6b852a9f3c4dbb2da310c3a26059cf4ff06b7eae088",
    "https://deno.land/std@0.165.0/node/fs.ts": "f948e8365914c122f8402e216ec10adf49bd60dd0da68e772f6fe083d4936186",
    "https://deno.land/std@0.165.0/node/internal/assert.mjs": "118327c8866266534b30d3a36ad978204af7336dc2db3158b8167192918d4e06",
    "https://deno.land/std@0.165.0/node/internal/buffer.d.ts": "90f674081428a61978b6d481c5f557ff743a3f4a85d7ae113caab48fdf5b8a63",
    "https://deno.land/std@0.165.0/node/internal/buffer.mjs": "70b74b34f1617b3492aee6dec35c7bdabbf26e034bfcf640aa61b3d63c5c850f",
    "https://deno.land/std@0.165.0/node/internal/crypto/_keys.ts": "63229ff3d8d15b5bd0a1d2ebc19313cbb8ac969875bf16df1ce4f2b497d74fb5",
    "https://deno.land/std@0.165.0/node/internal/crypto/constants.ts": "d2c8821977aef55e4d66414d623c24a2447791a8b49b6404b8db32d81e20c315",
    "https://deno.land/std@0.165.0/node/internal/error_codes.ts": "ac03c4eae33de3a69d6c98e8678003207eecf75a6900eb847e3fea3c8c9e6d8f",
    "https://deno.land/std@0.165.0/node/internal/errors.ts": "b9aec7d1fe3eaf21322d0ea9dc2fcb344055d6b0c7a1bd0f62a0c379a5baa799",
    "https://deno.land/std@0.165.0/node/internal/fixed_queue.ts": "455b3c484de48e810b13bdf95cd1658ecb1ba6bcb8b9315ffe994efcde3ba5f5",
    "https://deno.land/std@0.165.0/node/internal/fs/streams.ts": "e68430e65f42a8d8b793babae87dfaa406d61d3c54f985dcb0e3ee532eae8d4c",
    "https://deno.land/std@0.165.0/node/internal/fs/utils.mjs": "7b1bb3f46a676303d2a873bb9c36f199bd2c253451d4bd013ac906a6accea5bd",
    "https://deno.land/std@0.165.0/node/internal/hide_stack_frames.ts": "a91962ec84610bc7ec86022c4593cdf688156a5910c07b5bcd71994225c13a03",
    "https://deno.land/std@0.165.0/node/internal/idna.ts": "3aed89919e3078160733b6e6ac60fdb06052cf0418acbabcf86f90017d102b78",
    "https://deno.land/std@0.165.0/node/internal/net.ts": "1239886cd2508a68624c2dae8abf895e8aa3bb15a748955349f9ac5539032238",
    "https://deno.land/std@0.165.0/node/internal/normalize_encoding.mjs": "3779ec8a7adf5d963b0224f9b85d1bc974a2ec2db0e858396b5d3c2c92138a0a",
    "https://deno.land/std@0.165.0/node/internal/options.ts": "a23c285975e058cb26a19abcb048cd8b46ab12d21cfb028868ac8003fffb43ac",
    "https://deno.land/std@0.165.0/node/internal/primordials.mjs": "7cf5afe471583e4a384eeea109bdff276b6b7f3a3af830f99f951fb7d57ef423",
    "https://deno.land/std@0.165.0/node/internal/process/per_thread.mjs": "bc1be72a6a662bf81573c20fe74893374847a7302065ddf52fb3fb2af505f31f",
    "https://deno.land/std@0.165.0/node/internal/querystring.ts": "c3b23674a379f696e505606ddce9c6feabe9fc497b280c56705c340f4028fe74",
    "https://deno.land/std@0.165.0/node/internal/readline/callbacks.mjs": "17d9270a54fb5dceea8f894669e3401e5c6260bab075a1e9675a62f1fef50d8c",
    "https://deno.land/std@0.165.0/node/internal/readline/utils.mjs": "a93ebb99f85e0dbb4f05f4aff5583d12a15150e45c335e4ecf925e1879dc9c84",
    "https://deno.land/std@0.165.0/node/internal/streams/destroy.mjs": "9c9bbeb172a437041d529829f433df72cf0b63ae49f3ee6080a55ffbef7572ad",
    "https://deno.land/std@0.165.0/node/internal/streams/end-of-stream.mjs": "38be76eaceac231dfde643e72bc0940625446bf6d1dbd995c91c5ba9fd59b338",
    "https://deno.land/std@0.165.0/node/internal/streams/utils.mjs": "a0a6b93a7e68ef52bef4ed00b0c82bb7e335abf360af57335b07c6a3fcdde717",
    "https://deno.land/std@0.165.0/node/internal/url.ts": "eacef0ace4f4c5394e9818a81499f4871b2a993d1bd3b902047e44a381ef0e22",
    "https://deno.land/std@0.165.0/node/internal/util.mjs": "35d24fb775468cd24443bcf0ec68904b8aa44e5b53845491a5e3382421917f9a",
    "https://deno.land/std@0.165.0/node/internal/util/comparisons.ts": "4093f52f05d84842b46496e448fa8d708e25c6d6b8971505fd4913a9d7075934",
    "https://deno.land/std@0.165.0/node/internal/util/debuglog.ts": "570c399f0a066b81f0836eeb926b9142ae7f1738cee9abd85cd12ce32092d5af",
    "https://deno.land/std@0.165.0/node/internal/util/inspect.mjs": "1ddace0c97719d2cc0869ba177d375e96051301352ec235cbfb2ecbfcd4e8fba",
    "https://deno.land/std@0.165.0/node/internal/util/types.ts": "de6e2b7f9b9985ab881b1e78f05ae51d1fc829ae1584063df21e57b35312f3c4",
    "https://deno.land/std@0.165.0/node/internal/validators.mjs": "67deae0f488d013c8bf485742a5478112b8e48837cb2458c4a8b2669cf7017db",
    "https://deno.land/std@0.165.0/node/internal_binding/_libuv_winerror.ts": "801e05c2742ae6cd42a5f0fd555a255a7308a65732551e962e5345f55eedc519",
    "https://deno.land/std@0.165.0/node/internal_binding/_listen.ts": "c15a356ef4758770fc72d3ca4db33f0cc321016df1aafb927c027c0d73ac2c42",
    "https://deno.land/std@0.165.0/node/internal_binding/_node.ts": "e4075ba8a37aef4eb5b592c8e3807c39cb49ca8653faf8e01a43421938076c1b",
    "https://deno.land/std@0.165.0/node/internal_binding/_timingSafeEqual.ts": "80640f055101071cb3680a2d8a1fead5fd260ca8bf183efb94296b69463e06cd",
    "https://deno.land/std@0.165.0/node/internal_binding/_utils.ts": "1c50883b5751a9ea1b38951e62ed63bacfdc9d69ea665292edfa28e1b1c5bd94",
    "https://deno.land/std@0.165.0/node/internal_binding/_winerror.ts": "8811d4be66f918c165370b619259c1f35e8c3e458b8539db64c704fbde0a7cd2",
    "https://deno.land/std@0.165.0/node/internal_binding/ares.ts": "33ff8275bc11751219af8bd149ea221c442d7e8676e3e9f20ccb0e1f0aac61b8",
    "https://deno.land/std@0.165.0/node/internal_binding/async_wrap.ts": "b83e4021a4854b2e13720f96d21edc11f9905251c64c1bc625a361f574400959",
    "https://deno.land/std@0.165.0/node/internal_binding/buffer.ts": "781e1d13adc924864e6e37ecb5152e8a4e994cf394695136e451c47f00bda76c",
    "https://deno.land/std@0.165.0/node/internal_binding/cares_wrap.ts": "720e6d5cff7018bb3d00e1a49dd4c31f0fc6af3a593ab68cd39e3592ed163d61",
    "https://deno.land/std@0.165.0/node/internal_binding/config.ts": "e292217d048a33573966b7d25352828d3282921fbcadce8735a20fb3da370cc4",
    "https://deno.land/std@0.165.0/node/internal_binding/connection_wrap.ts": "9debd4210d29c658054476fcb640c900725f564ef35412c56dc79eb07213a7c1",
    "https://deno.land/std@0.165.0/node/internal_binding/constants.ts": "f4afc504137fb21f3908ab549931604968dfa62432b285a0874f41c4cade9ed2",
    "https://deno.land/std@0.165.0/node/internal_binding/contextify.ts": "e292217d048a33573966b7d25352828d3282921fbcadce8735a20fb3da370cc4",
    "https://deno.land/std@0.165.0/node/internal_binding/credentials.ts": "e292217d048a33573966b7d25352828d3282921fbcadce8735a20fb3da370cc4",
    "https://deno.land/std@0.165.0/node/internal_binding/crypto.ts": "d7f39700dc020364edf7f4785e5026bb91f099ce1bd02734182451b1af300c8c",
    "https://deno.land/std@0.165.0/node/internal_binding/errors.ts": "e292217d048a33573966b7d25352828d3282921fbcadce8735a20fb3da370cc4",
    "https://deno.land/std@0.165.0/node/internal_binding/fs.ts": "e292217d048a33573966b7d25352828d3282921fbcadce8735a20fb3da370cc4",
    "https://deno.land/std@0.165.0/node/internal_binding/fs_dir.ts": "e292217d048a33573966b7d25352828d3282921fbcadce8735a20fb3da370cc4",
    "https://deno.land/std@0.165.0/node/internal_binding/fs_event_wrap.ts": "e292217d048a33573966b7d25352828d3282921fbcadce8735a20fb3da370cc4",
    "https://deno.land/std@0.165.0/node/internal_binding/handle_wrap.ts": "71c451060c9f555066d3ebe80de039a4e493a94b76c664450fbefd8f4167eb7e",
    "https://deno.land/std@0.165.0/node/internal_binding/heap_utils.ts": "e292217d048a33573966b7d25352828d3282921fbcadce8735a20fb3da370cc4",
    "https://deno.land/std@0.165.0/node/internal_binding/http_parser.ts": "e292217d048a33573966b7d25352828d3282921fbcadce8735a20fb3da370cc4",
    "https://deno.land/std@0.165.0/node/internal_binding/icu.ts": "e292217d048a33573966b7d25352828d3282921fbcadce8735a20fb3da370cc4",
    "https://deno.land/std@0.165.0/node/internal_binding/inspector.ts": "e292217d048a33573966b7d25352828d3282921fbcadce8735a20fb3da370cc4",
    "https://deno.land/std@0.165.0/node/internal_binding/js_stream.ts": "e292217d048a33573966b7d25352828d3282921fbcadce8735a20fb3da370cc4",
    "https://deno.land/std@0.165.0/node/internal_binding/messaging.ts": "e292217d048a33573966b7d25352828d3282921fbcadce8735a20fb3da370cc4",
    "https://deno.land/std@0.165.0/node/internal_binding/mod.ts": "f68e74e8eed84eaa6b0de24f0f4c47735ed46866d7ee1c5a5e7c0667b4f0540f",
    "https://deno.land/std@0.165.0/node/internal_binding/module_wrap.ts": "e292217d048a33573966b7d25352828d3282921fbcadce8735a20fb3da370cc4",
    "https://deno.land/std@0.165.0/node/internal_binding/native_module.ts": "e292217d048a33573966b7d25352828d3282921fbcadce8735a20fb3da370cc4",
    "https://deno.land/std@0.165.0/node/internal_binding/natives.ts": "e292217d048a33573966b7d25352828d3282921fbcadce8735a20fb3da370cc4",
    "https://deno.land/std@0.165.0/node/internal_binding/node_file.ts": "37d6864897547d95ca24e0f5d01035915db0065bff128bc22191bc93f9ad59ad",
    "https://deno.land/std@0.165.0/node/internal_binding/node_options.ts": "b098e6a1c80fa5003a1669c6828539167ab19337e13d20a47b610144cb888cef",
    "https://deno.land/std@0.165.0/node/internal_binding/options.ts": "e292217d048a33573966b7d25352828d3282921fbcadce8735a20fb3da370cc4",
    "https://deno.land/std@0.165.0/node/internal_binding/os.ts": "e292217d048a33573966b7d25352828d3282921fbcadce8735a20fb3da370cc4",
    "https://deno.land/std@0.165.0/node/internal_binding/performance.ts": "e292217d048a33573966b7d25352828d3282921fbcadce8735a20fb3da370cc4",
    "https://deno.land/std@0.165.0/node/internal_binding/pipe_wrap.ts": "105c73f268cb9ca1c6cebaf4bea089ab12e0c21c8c4e10bb0a14b0abd3e1661e",
    "https://deno.land/std@0.165.0/node/internal_binding/process_methods.ts": "e292217d048a33573966b7d25352828d3282921fbcadce8735a20fb3da370cc4",
    "https://deno.land/std@0.165.0/node/internal_binding/report.ts": "e292217d048a33573966b7d25352828d3282921fbcadce8735a20fb3da370cc4",
    "https://deno.land/std@0.165.0/node/internal_binding/serdes.ts": "e292217d048a33573966b7d25352828d3282921fbcadce8735a20fb3da370cc4",
    "https://deno.land/std@0.165.0/node/internal_binding/signal_wrap.ts": "e292217d048a33573966b7d25352828d3282921fbcadce8735a20fb3da370cc4",
    "https://deno.land/std@0.165.0/node/internal_binding/spawn_sync.ts": "e292217d048a33573966b7d25352828d3282921fbcadce8735a20fb3da370cc4",
    "https://deno.land/std@0.165.0/node/internal_binding/stream_wrap.ts": "ecbd50a6c6ff7f6fea9bdfdc7b3977637cd854814c812b59296458ca2f0fc209",
    "https://deno.land/std@0.165.0/node/internal_binding/string_decoder.ts": "5cb1863763d1e9b458bc21d6f976f16d9c18b3b3f57eaf0ade120aee38fba227",
    "https://deno.land/std@0.165.0/node/internal_binding/symbols.ts": "51cfca9bb6132d42071d4e9e6b68a340a7f274041cfcba3ad02900886e972a6c",
    "https://deno.land/std@0.165.0/node/internal_binding/task_queue.ts": "e292217d048a33573966b7d25352828d3282921fbcadce8735a20fb3da370cc4",
    "https://deno.land/std@0.165.0/node/internal_binding/tcp_wrap.ts": "4217fa10072e048a26f26e5f548b3f38422452c9956265592cac57379a610acb",
    "https://deno.land/std@0.165.0/node/internal_binding/timers.ts": "e292217d048a33573966b7d25352828d3282921fbcadce8735a20fb3da370cc4",
    "https://deno.land/std@0.165.0/node/internal_binding/tls_wrap.ts": "e292217d048a33573966b7d25352828d3282921fbcadce8735a20fb3da370cc4",
    "https://deno.land/std@0.165.0/node/internal_binding/trace_events.ts": "e292217d048a33573966b7d25352828d3282921fbcadce8735a20fb3da370cc4",
    "https://deno.land/std@0.165.0/node/internal_binding/tty_wrap.ts": "e292217d048a33573966b7d25352828d3282921fbcadce8735a20fb3da370cc4",
    "https://deno.land/std@0.165.0/node/internal_binding/types.ts": "4c26fb74ba2e45de553c15014c916df6789529a93171e450d5afb016b4c765e7",
    "https://deno.land/std@0.165.0/node/internal_binding/udp_wrap.ts": "cdd0882eff7e7db631d808608d20f5d1269b40fbcedd4a0972d6ed616a855c79",
    "https://deno.land/std@0.165.0/node/internal_binding/url.ts": "e292217d048a33573966b7d25352828d3282921fbcadce8735a20fb3da370cc4",
    "https://deno.land/std@0.165.0/node/internal_binding/util.ts": "faf5146c3cc3b2d6c26026a818b4a16e91488ab26e63c069f36ba3c3ae24c97b",
    "https://deno.land/std@0.165.0/node/internal_binding/uv.ts": "3a63eebe0b69334bab5e9f037aadde1aef59ab21ab0e4cd01ac588d919be2c75",
    "https://deno.land/std@0.165.0/node/internal_binding/v8.ts": "e292217d048a33573966b7d25352828d3282921fbcadce8735a20fb3da370cc4",
    "https://deno.land/std@0.165.0/node/internal_binding/worker.ts": "e292217d048a33573966b7d25352828d3282921fbcadce8735a20fb3da370cc4",
    "https://deno.land/std@0.165.0/node/internal_binding/zlib.ts": "e292217d048a33573966b7d25352828d3282921fbcadce8735a20fb3da370cc4",
    "https://deno.land/std@0.165.0/node/path.ts": "c65858e9cbb52dbc0dd348eefcdc41e82906c39cfa7982f2d4d805e828414b8c",
    "https://deno.land/std@0.165.0/node/path/_constants.ts": "591787ca44a55859644a2d5dbaef43698ab29e72e58fd498ea5e8f78a341ba20",
    "https://deno.land/std@0.165.0/node/path/_interface.ts": "4a6e96c17c1b5acb2b5909583d5808fb4e80e5120d230dd028ec04d2e7d0d906",
    "https://deno.land/std@0.165.0/node/path/_util.ts": "70b4b58098c4638f3bf719fa700c95e308e3984a3f9aca551fab713426ba3cbe",
    "https://deno.land/std@0.165.0/node/path/common.ts": "bee563630abd2d97f99d83c96c2fa0cca7cee103e8cb4e7699ec4d5db7bd2633",
    "https://deno.land/std@0.165.0/node/path/glob.ts": "ea65cb4a531e39173d4b93881ef018d27187be6153386fb8fdb5534838726c04",
    "https://deno.land/std@0.165.0/node/path/mod.ts": "f9125e20031aac43eef8baa58d852427c762541574513f6870d1d0abd8103252",
    "https://deno.land/std@0.165.0/node/path/posix.ts": "e40c13ad352b3814116d25fed5196b59445e98c7802f9b55c0a8e33f0ddfb5bd",
    "https://deno.land/std@0.165.0/node/path/separator.ts": "7176165f5b8351306357503357a3b241861d8b4e6c60aeb4e992da94f9487dc2",
    "https://deno.land/std@0.165.0/node/path/win32.ts": "6554159c6b21a73bb4647c85c44f42cdbbd84c53c37f57a3a195a47d50c0ab92",
    "https://deno.land/std@0.165.0/node/process.ts": "7180a9e7022d62481daf6fac855f440882137046ef6941f659e8d40c077186be",
    "https://deno.land/std@0.165.0/node/querystring.ts": "ec6d8bd8b138a5c53fe8bc25a37bdd654d5fb76918fb6543864d62474b3860a8",
    "https://deno.land/std@0.165.0/node/stream.ts": "2c6d5d207d0ad295f396b34fd03a908c1638beb1754bc9c1fccd9a4cdcace8be",
    "https://deno.land/std@0.165.0/node/string_decoder.ts": "39b3846318f3a60cee417673dab0252a6f400af2e0f2a481bb6d74c00524b597",
    "https://deno.land/std@0.165.0/node/url.ts": "79e7f78678301df8cf15c5f0d4446a7e4754a9e641a99da41b8c0568587e9b84",
    "https://deno.land/std@0.165.0/node/util.ts": "e926d996318017b41812983cacde63e39c92385de7a19a0cb788fc68f73318db",
    "https://deno.land/std@0.165.0/node/util/types.ts": "5948b43e834f73a4becf85b02049632560c65da9c1127e5c533c83d200d3dfcd",
    "https://deno.land/std@0.165.0/path/_constants.ts": "df1db3ffa6dd6d1252cc9617e5d72165cd2483df90e93833e13580687b6083c3",
    "https://deno.land/std@0.165.0/path/_interface.ts": "ee3b431a336b80cf445441109d089b70d87d5e248f4f90ff906820889ecf8d09",
    "https://deno.land/std@0.165.0/path/_util.ts": "d16be2a16e1204b65f9d0dfc54a9bc472cafe5f4a190b3c8471ec2016ccd1677",
    "https://deno.land/std@0.165.0/path/common.ts": "bee563630abd2d97f99d83c96c2fa0cca7cee103e8cb4e7699ec4d5db7bd2633",
    "https://deno.land/std@0.165.0/path/glob.ts": "cb5255638de1048973c3e69e420c77dc04f75755524cb3b2e160fe9277d939ee",
    "https://deno.land/std@0.165.0/path/mod.ts": "56fec03ad0ebd61b6ab39ddb9b0ddb4c4a5c9f2f4f632e09dd37ec9ebfd722ac",
    "https://deno.land/std@0.165.0/path/posix.ts": "6b63de7097e68c8663c84ccedc0fd977656eb134432d818ecd3a4e122638ac24",
    "https://deno.land/std@0.165.0/path/separator.ts": "fe1816cb765a8068afb3e8f13ad272351c85cbc739af56dacfc7d93d710fe0f9",
    "https://deno.land/std@0.165.0/path/win32.ts": "7cebd2bda6657371adc00061a1d23fdd87bcdf64b4843bb148b0b24c11b40f69",
    "https://deno.land/std@0.165.0/streams/conversion.ts": "555c6c249f3acf85655f2d0af52d1cb3168e40b1c1fa26beefea501b333abe28",
    "https://deno.land/std@0.92.0/_util/assert.ts": "2f868145a042a11d5ad0a3c748dcf580add8a0dbc0e876eaa0026303a5488f58",
    "https://deno.land/std@0.92.0/_util/os.ts": "e282950a0eaa96760c0cf11e7463e66babd15ec9157d4c9ed49cc0925686f6a7",
    "https://deno.land/std@0.92.0/bytes/mod.ts": "1ae1ccfe98c4b979f12b015982c7444f81fcb921bea7aa215bf37d84f46e1e13",
    "https://deno.land/std@0.92.0/encoding/csv.ts": "e01be5287e7aa9c6ff0caf9acf1bc19b8040ef539bfad9089cc366a94e64780d",
    "https://deno.land/std@0.92.0/encoding/csv_stringify.ts": "f9fe4889f1b2987c8640b4695d2d8836a978d034708ca90a850d3ec6b800d9ba",
    "https://deno.land/std@0.92.0/fs/_util.ts": "f2ce811350236ea8c28450ed822a5f42a0892316515b1cd61321dec13569c56b",
    "https://deno.land/std@0.92.0/fs/copy.ts": "acc21e2569c92e715be48f40665a299cb995a4dce04145c3dd624791b885114c",
    "https://deno.land/std@0.92.0/fs/empty_dir.ts": "2edd70ff6405e1893e781a82aec8c574dfc748a7bb9d9ce8f0abdf002cdbba3f",
    "https://deno.land/std@0.92.0/fs/ensure_dir.ts": "f21262e788a707aaa2dd22064da7cd40e3b2f0f067e9b2aed1b288091170cc05",
    "https://deno.land/std@0.92.0/fs/ensure_file.ts": "84c7cff81ecedef3969e3fcd2d0c2aecd9bafea246cd18847deba7a54126134f",
    "https://deno.land/std@0.92.0/fs/ensure_link.ts": "e48abe5bf639389ee6f42bb8bdd8b7b2a4c93701cd618b12cdcad83ccea44f2e",
    "https://deno.land/std@0.92.0/fs/ensure_symlink.ts": "cbb2c908135808c0545c6304046b6ab5c024b0bb1832e69c819b58d9feee66ef",
    "https://deno.land/std@0.92.0/fs/eol.ts": "afaebaaac36f48c423b920c836551997715672b80a0fee9aa7667c181a94f2df",
    "https://deno.land/std@0.92.0/fs/exists.ts": "b0d2e31654819cc2a8d37df45d6b14686c0cc1d802e9ff09e902a63e98b85a00",
    "https://deno.land/std@0.92.0/fs/expand_glob.ts": "b5a8fcadf40eb7b034a1f807349cbace0ddb28c4e5a6b6aaf2d8ca925ba02f9f",
    "https://deno.land/std@0.92.0/fs/mod.ts": "26eee4b52a8c516e37d464094b080ff6822883e7f01ff0ba0a72b8dcd54b9927",
    "https://deno.land/std@0.92.0/fs/move.ts": "36697916a5cf2ebc7d298089a9a3ccc6b3af1eaecc173e57a9f5eb10f1f04221",
    "https://deno.land/std@0.92.0/fs/walk.ts": "8d37f2164a7397668842a7cb5d53b9e7bcd216462623b1b96abe519f76d7f8b9",
    "https://deno.land/std@0.92.0/io/buffer.ts": "2a92f02c1d8daaebaf13e5678ea5969c89f4fab533f687b9e7e86f49f11c3118",
    "https://deno.land/std@0.92.0/io/bufio.ts": "4053ea5d978479be68ae4d73424045a59c6b7a6e8f66727e4bfde516baa07126",
    "https://deno.land/std@0.92.0/io/readers.ts": "17403919724fef2f343c88555606368868a5c752a1099ad801f6a381c170f62d",
    "https://deno.land/std@0.92.0/io/util.ts": "03ca10e063afce551c501505c607ec336a40b9cb72363f5508e2a9ac81096bbf",
    "https://deno.land/std@0.92.0/path/_constants.ts": "1247fee4a79b70c89f23499691ef169b41b6ccf01887a0abd131009c5581b853",
    "https://deno.land/std@0.92.0/path/_interface.ts": "1fa73b02aaa24867e481a48492b44f2598cd9dfa513c7b34001437007d3642e4",
    "https://deno.land/std@0.92.0/path/_util.ts": "2e06a3b9e79beaf62687196bd4b60a4c391d862cfa007a20fc3a39f778ba073b",
    "https://deno.land/std@0.92.0/path/common.ts": "eaf03d08b569e8a87e674e4e265e099f237472b6fd135b3cbeae5827035ea14a",
    "https://deno.land/std@0.92.0/path/glob.ts": "4a524c1c9da3e79a9fdabdc6e850cd9e41bdf31e442856ffa19c5b123268ca95",
    "https://deno.land/std@0.92.0/path/mod.ts": "4465dc494f271b02569edbb4a18d727063b5dbd6ed84283ff906260970a15d12",
    "https://deno.land/std@0.92.0/path/posix.ts": "f56c3c99feb47f30a40ce9d252ef6f00296fa7c0fcb6dd81211bdb3b8b99ca3b",
    "https://deno.land/std@0.92.0/path/separator.ts": "8fdcf289b1b76fd726a508f57d3370ca029ae6976fcde5044007f062e643ff1c",
    "https://deno.land/std@0.92.0/path/win32.ts": "77f7b3604e0de40f3a7c698e8a79e7f601dc187035a1c21cb1e596666ce112f8",
    "https://deno.land/std@0.92.0/textproto/mod.ts": "1c89b39a079dd158893ab2e9ff79391c66049433d6ca82da7d64b32280570d51",
    "https://deno.land/x/emoji@0.1.2/all.ts": "f308ed6af940c3df7436a80dc8d016c3dcc16c3890a12724cf7e043a9e489a29",
    "https://deno.land/x/emoji@0.1.2/emoji.ts": "e6aa205846a805bca29466d82d24476c9e8aecbee0e477b845d332786c2b1770",
    "https://deno.land/x/emoji@0.1.2/mod.ts": "e466029cda15415de960c53797b739e3034d9e56774895b34a534e054e6f4076",
    "https://deno.land/x/emoji@0.1.2/unicode.ts": "ac8079e8e1da66ae9e601c1fdd0e7641120c2b07ca7bd2875e65fe23e16e6199",
    "https://deno.land/x/flat@0.0.15/mod.ts": "02f929b6f2b5caab86dc689eb2937565189432b6b6f22bcd8c05b26c80c7f645",
    "https://deno.land/x/flat@0.0.15/src/csv.ts": "7b14709fd91a1e0d9153e6ea183df686ca5a6c9b79da317d15cb3efd50fffd9c",
    "https://deno.land/x/flat@0.0.15/src/image.ts": "fab91c85f7c63bdd03a0d0ab64e9aaecc20e3213b3781b67f237eb7a9ab7303c",
    "https://deno.land/x/flat@0.0.15/src/json.ts": "34ad4b9c89e70955da0e76fcb525f75262175da03815e0887faa19a6fc64ee65",
    "https://deno.land/x/flat@0.0.15/src/remove.ts": "8340e9c9566200db969c6efa76430400060d78aa28f35e585c511d2eb5a9768a",
    "https://deno.land/x/flat@0.0.15/src/txt.ts": "cece94e45879ead929131cdaeac023192ef9089ec76a81b7e057a10df3ea7511",
    "https://deno.land/x/flat@0.0.15/src/xlsx.ts": "166776a70109789becffb1d77f88ec85d2ce115759ff0fc578dbfa66db5faf4a",
    "https://deno.land/x/flat@0.0.15/src/zip.ts": "5b8e27106c08751889d627fbbea71bd99f802472c4e9fe9cd9f88dcee9752bd8",
    "https://deno.land/x/gfm@0.1.20/deps.ts": "40d2c2846d5f2a92cc81401099f39f26fc541af000a01ac0dede689646843365",
    "https://deno.land/x/gfm@0.1.20/mod.ts": "cd48d4d317e55f76ed0d45895142f7960af1dd8581abb92de9fec67e12cd1666",
    "https://deno.land/x/gfm@0.1.20/style.js": "92c6554b6288972f680c4f2271564c1d0ba968a3e444f1f75398d7bec9296ea5",
    "https://deno.land/x/sheetjs@v0.18.3/dist/cpexcel.full.mjs": "7a7bba23b6b6f23b5c69fbb631f78d1d455f74b57e4aa54e9a2f81a8ab844964",
    "https://deno.land/x/sheetjs@v0.18.3/types/index.d.ts": "c146e03d4e5427a43ffa7ea7f7e40dbce2b936580e24c884eaada77ca4c4c5ed",
    "https://deno.land/x/sheetjs@v0.18.3/xlsx.mjs": "922b8ca90825111d3af3a19098613d53ac4721ac58d05c0ac25fbdf9def2472f",
    "https://deno.land/x/url_join@1.0.0/mod.ts": "d3c7007e3ab15594e54d5b90dce623b3e274a726e0cdf57858e7ecab77a0166c",
    "https://esm.sh/he@1.2.0": "3c18ecae78b60e74c79e19799762e77f76f64d24784df5234b01735f48bda707",
    "https://esm.sh/lodash@4.17.21?no-check": "33d6f8168e67811f4fcadf5ea51e9590342ba1d23dc96fdf1683347ea77f8dfb",
    "https://esm.sh/marked@4.0.12": "0dd5238586276161208b4568766cae5142912f363c211eccfaf6c5cfd9adf305",
    "https://esm.sh/moment@2.29.4": "7e02f3f38e37fa967d7c536e7bc5be721014c24e2d6d2b3b6c796f5609753c17",
    "https://esm.sh/prismjs@1.27.0": "d6b254fc2de5b5f309c51afb36b81d5a56538f924ec6e96eb492849cb3baaa2c",
    "https://esm.sh/sanitize-html@2.7.0": "586094901100ab498020a2814aa63751bcd1358e86cbf500369e8cb622211840",
    "https://esm.sh/v99/@types/he@1.1.2/index.d.ts": "61a047439420bbbd844fc7d8413d44b5b14502d06593f560cfa2196aead46933",
    "https://esm.sh/v99/@types/marked@4.0.7/index.d.ts": "c51eb515e127bb15087a6ad404c9c38121f1ccac85ea247baa554c43942ee07c",
    "https://esm.sh/v99/@types/prismjs@1.26.0/index.d.ts": "6484309596f594ae824513336bd2a2e04a1902b06bb149fa904f5cae5fbe5c50",
    "https://esm.sh/v99/@types/sanitize-html@2.6.2/index.d.ts": "72a9cfc8f3f8eb77a743f43365fe6e38232a7afa26044e7189980b637101f808",
    "https://esm.sh/v99/deepmerge@4.2.2/deno/deepmerge.js": "00d838cc5c4a490a64bc8e613c19e0f5377d5cabd2c1296df065a324ca6e56e2",
    "https://esm.sh/v99/dom-serializer@1.4.1/deno/dom-serializer.js": "f58be5c88023b6734fb38a7fdf7182b5283411d208b2d5c3021e20c36a34be16",
    "https://esm.sh/v99/dom-serializer@1.4.1/lib/index.d.ts": "6af1d26497c012ecede3377e87e42223889fdd9029a11e2e920854585f9f6779",
    "https://esm.sh/v99/domelementtype@2.3.0/deno/domelementtype.js": "2bbc5ada9929825ac019e137ffdb26fcf04e3eaccaf0e8d6786cd1b8bb8b8f63",
    "https://esm.sh/v99/domelementtype@2.3.0/lib/index.d.ts": "e307d69c2e131e39db6038b4bd51916c6cd787e01d730ad0c28c60491d0accf2",
    "https://esm.sh/v99/domhandler@4.3.1/deno/domhandler.js": "c20570002097c65261689d59230bd753f5518a134682b85889bda8be38112ed6",
    "https://esm.sh/v99/domhandler@4.3.1/lib/index.d.ts": "3195b6c30cd2b0796fa66ee67798f152525520345fc7592f1d3ea5fe1dddfc03",
    "https://esm.sh/v99/domhandler@4.3.1/lib/node.d.ts": "467498639f6b9f5f7ebc0e708f21a89917129adb2275ae8877aac9172e6c484c",
    "https://esm.sh/v99/domutils@2.8.0/deno/domutils.js": "5eb1ba80f3e2f61ab8ff90a0cb60742794ba0f734f8ec1105c2ff1ddc516c767",
    "https://esm.sh/v99/domutils@2.8.0/lib/feeds.d.ts": "521bd83858addbe1df6e2e9da9c0e26a7e61eab2666ba605fcec868513bea81e",
    "https://esm.sh/v99/domutils@2.8.0/lib/helpers.d.ts": "e26669c69bbaf1a59c918b9a8b4f9cf9224250e2bc39544c81fb39a67f5c7ab5",
    "https://esm.sh/v99/domutils@2.8.0/lib/index.d.ts": "d35ebe912a092340af0c87ab31725dea936e60f3fba6fe00bf51ba516f4d99b6",
    "https://esm.sh/v99/domutils@2.8.0/lib/legacy.d.ts": "54d7e7af9deef1aabff2cf86c4828b25f3b85a65031146af9b151ec1a1a3fe98",
    "https://esm.sh/v99/domutils@2.8.0/lib/manipulation.d.ts": "f4a4c673ec774415491c8dfa0e2e4401b23a3496653b5e7e38d8bfa2478bfe6b",
    "https://esm.sh/v99/domutils@2.8.0/lib/querying.d.ts": "8e14374ca67cfa2b13e261b30f3fca79d416c227a68724087f03e6c45967af4d",
    "https://esm.sh/v99/domutils@2.8.0/lib/stringify.d.ts": "9c76fd3441b9bd7572d7f810c7b52b3e4d7fd91e28d48fbee3e2fb91150a77c9",
    "https://esm.sh/v99/domutils@2.8.0/lib/traversal.d.ts": "b9b4f2c4ac9215eab5f2c99b2592e22f5aab11b47186d0fe4b42d1b79d3995ba",
    "https://esm.sh/v99/entities@2.2.0/deno/entities.js": "b0dc118f36dbe97389918ed4c225ac3dcf64fc9aff658ceab5ce7763a672d551",
    "https://esm.sh/v99/entities@2.2.0/deno/lib/decode_codepoint.js": "aba8d67e335f335838404bedb904ba2a71ef7ae82c2755a8d7b35ad093fe8fc4",
    "https://esm.sh/v99/entities@2.2.0/deno/lib/maps/decode.json.js": "113c8224b88c14815eb319f63b1b6cbf5e2055172fc50cdca82f604977f238f1",
    "https://esm.sh/v99/entities@2.2.0/deno/lib/maps/entities.json.js": "57ea9863c3ff3a0f8016f2b1e27e0a710f51ecd59a98610e375e716c998e0703",
    "https://esm.sh/v99/entities@2.2.0/deno/lib/maps/legacy.json.js": "c158a60b11521df62558565d4c884edf796836ae03f14a555591474acb0cd637",
    "https://esm.sh/v99/entities@2.2.0/deno/lib/maps/xml.json.js": "8fa74d23befb011d835a678a18408cc5dfa4dc07905bc1303d3963b4cdd090af",
    "https://esm.sh/v99/escape-string-regexp@4.0.0/deno/escape-string-regexp.js": "815b74eac82e6d8fef3ff0bf069727a3748296d78b783b1d2b2b7672508a4740",
    "https://esm.sh/v99/he@1.2.0/deno/he.js": "67e5d16a24264bdbe990eaa6dacb635ef508baae7f2bf9cfb9c7f3b7f5c6f8f7",
    "https://esm.sh/v99/htmlparser2@6.1.0/deno/htmlparser2.js": "e45e130aab855f231260790d0436320dfd6d1016407bb51684a3f5fec02d8938",
    "https://esm.sh/v99/htmlparser2@6.1.0/lib/FeedHandler.d.ts": "8c5a2f1ee97ed76511919b0c390b694aa1ae6ffad3e1dd65411dd020a23e8f3b",
    "https://esm.sh/v99/htmlparser2@6.1.0/lib/Parser.d.ts": "26daa558b99b92a1b25067f249c414baed7f0eb30754835d826c9663e04a351c",
    "https://esm.sh/v99/htmlparser2@6.1.0/lib/Tokenizer.d.ts": "df60c5f6ceb604bfcf7d777753d94e806d5fb4e1263286b1a21775215a66527f",
    "https://esm.sh/v99/htmlparser2@6.1.0/lib/index.d.ts": "8e1b1b61389e0c5fe36a629e2fe86ef1508055303f2e8a3c757b7d921fb8fbc6",
    "https://esm.sh/v99/is-plain-object@5.0.0/deno/is-plain-object.js": "032e60b40fdde9debaf3774db4dab054a5ed140b9358f1f27284ade53b75e692",
    "https://esm.sh/v99/lodash@4.17.21/deno/lodash.js": "ce5f4133a0c27d45ab013618392e8c9534505911cf6dbb2fea7a2872aefabb2c",
    "https://esm.sh/v99/marked@4.0.12/deno/marked.js": "c2e101d13464e02ffdc6ced8c34badffb6860cac59bde77b2b83b3b4f21aa665",
    "https://esm.sh/v99/moment@2.29.4/deno/moment.js": "55cb71f15d37bd31b4cb4c4f60bf1db133eecb183cb31d5f34bfd9bad85c8014",
    "https://esm.sh/v99/moment@2.29.4/moment.d.ts": "f22153742d3e5d5f3f05757d6e12b15b67f53bc1e4ac916b77c111f7ce2652f0",
    "https://esm.sh/v99/nanoid@3.3.4/deno/non-secure.js": "290171f33969da17111e4ce682370feefb71b64fed35e1f2daf9813642d88840",
    "https://esm.sh/v99/parse-srcset@1.0.2/deno/parse-srcset.js": "fd4a1cce0edd9af0f50bd7b36d9a475cc783be059a7c7894bad1800a37c8bda6",
    "https://esm.sh/v99/picocolors@1.0.0/deno/picocolors.js": "c386b0a4952ec6efaf6641f8869438e33dfb63c5d8ec8203f7f32b492a8aec2e",
    "https://esm.sh/v99/postcss@8.4.19/deno/postcss.js": "6a51420dd85c82a3bde3c34cda89a6093f3486412ccd9377ab34a49b8ecc7867",
    "https://esm.sh/v99/prismjs@1.27.0/deno/prismjs.js": "194e7fb6a3733fe07df754418432a80d0ba1af54f4996007de512246c58e80e6",
    "https://esm.sh/v99/sanitize-html@2.7.0/deno/sanitize-html.js": "0a3916deaebb60853733209e7da0c3ea7bb2e74f5b352306c47b76c1ce1f7e49",
    "https://esm.sh/v99/source-map-js@1.0.2/deno/source-map-js.js": "2dcfe0b26c7bc926fe619d644cad9e74f079a69a4e5ccacc39849d305dc5626e"
  }
}
